
Microsoft Visual Studio Solution File, Format Version 12.00
# Visual Studio Version 17
VisualStudioVersion = 17.4.33205.214
MinimumVisualStudioVersion = 10.0.40219.1
Project("{FAE04EC0-301F-11D3-BF4B-00C04F79EFBC}") = "Classlibrary", "Classlibrary\Classlibrary.csproj", "{CE35F2E2-FBAF-482A-A01F-2DA2712A5DF8}"
EndProject
Global
	GlobalSection(SolutionConfigurationPlatforms) = preSolution
		Debug|Any CPU = Debug|Any CPU
		Release|Any CPU = Release|Any CPU
	EndGlobalSection
	GlobalSection(ProjectConfigurationPlatforms) = postSolution
		{CE35F2E2-FBAF-482A-A01F-2DA2712A5DF8}.Debug|Any CPU.ActiveCfg = Debug|Any CPU
		{CE35F2E2-FBAF-482A-A01F-2DA2712A5DF8}.Debug|Any CPU.Build.0 = Debug|Any CPU
		{CE35F2E2-FBAF-482A-A01F-2DA2712A5DF8}.Release|Any CPU.ActiveCfg = Release|Any CPU
		{CE35F2E2-FBAF-482A-A01F-2DA2712A5DF8}.Release|Any CPU.Build.0 = Release|Any CPU
	EndGlobalSection
	GlobalSection(SolutionProperties) = preSolution
		HideSolutionNode = FALSE
	EndGlobalSection
	GlobalSection(ExtensibilityGlobals) = postSolution
		SolutionGuid = {1CE212CD-4FEE-4F9C-9457-6A74AA7695BC}
	EndGlobalSection
EndGlobal
